
Microsoft Visual Studio Solution File, Format Version 11.00
# Visual Studio 2010
Project("{8BC9CEB8-8B4A-11D0-8D11-00A0C91BC942}") = "tet_cpp_client", "tet_cpp_client.vcxproj", "{D7E19FF7-92C8-4271-BD6A-548F1DDF1064}"
EndProject
Global
	GlobalSection(SolutionConfigurationPlatforms) = preSolution
		Debug|Win32 = Debug|Win32
		Release|Win32 = Release|Win32
	EndGlobalSection
	GlobalSection(ProjectConfigurationPlatforms) = postSolution
		{D7E19FF7-92C8-4271-BD6A-548F1DDF1064}.Debug|Win32.ActiveCfg = Debug|Win32
		{D7E19FF7-92C8-4271-BD6A-548F1DDF1064}.Debug|Win32.Build.0 = Debug|Win32
		{D7E19FF7-92C8-4271-BD6A-548F1DDF1064}.Release|Win32.ActiveCfg = Release|Win32
		{D7E19FF7-92C8-4271-BD6A-548F1DDF1064}.Release|Win32.Build.0 = Release|Win32
	EndGlobalSection
	GlobalSection(SolutionProperties) = preSolution
		HideSolutionNode = FALSE
	EndGlobalSection
EndGlobal
